
Microsoft Visual Studio Solution File, Format Version 12.00
# Visual Studio 14
VisualStudioVersion = 14.0.25420.1
MinimumVisualStudioVersion = 10.0.40219.1
Project("{FAE04EC0-301F-11D3-BF4B-00C04F79EFBC}") = "GUI", "GUI\GUI.csproj", "{8D2A1B66-8C41-423E-BF39-B42F7AE7502F}"
EndProject
Project("{FAE04EC0-301F-11D3-BF4B-00C04F79EFBC}") = "DTO", "DTO\DTO.csproj", "{232DFE94-BE8D-4494-9400-DC4FCAEC7667}"
EndProject
Project("{FAE04EC0-301F-11D3-BF4B-00C04F79EFBC}") = "DAL", "DAL\DAL.csproj", "{A02D6BA6-ECE3-46B1-A059-4C80F4210938}"
EndProject
Project("{FAE04EC0-301F-11D3-BF4B-00C04F79EFBC}") = "BLL", "BLL\BLL.csproj", "{81B6656A-D7B9-4433-B1DD-4A4414456001}"
EndProject
Global
	GlobalSection(SolutionConfigurationPlatforms) = preSolution
		Debug|Any CPU = Debug|Any CPU
		Release|Any CPU = Release|Any CPU
	EndGlobalSection
	GlobalSection(ProjectConfigurationPlatforms) = postSolution
		{8D2A1B66-8C41-423E-BF39-B42F7AE7502F}.Debug|Any CPU.ActiveCfg = Debug|Any CPU
		{8D2A1B66-8C41-423E-BF39-B42F7AE7502F}.Debug|Any CPU.Build.0 = Debug|Any CPU
		{8D2A1B66-8C41-423E-BF39-B42F7AE7502F}.Release|Any CPU.ActiveCfg = Release|Any CPU
		{8D2A1B66-8C41-423E-BF39-B42F7AE7502F}.Release|Any CPU.Build.0 = Release|Any CPU
		{232DFE94-BE8D-4494-9400-DC4FCAEC7667}.Debug|Any CPU.ActiveCfg = Debug|Any CPU
		{232DFE94-BE8D-4494-9400-DC4FCAEC7667}.Debug|Any CPU.Build.0 = Debug|Any CPU
		{232DFE94-BE8D-4494-9400-DC4FCAEC7667}.Release|Any CPU.ActiveCfg = Release|Any CPU
		{232DFE94-BE8D-4494-9400-DC4FCAEC7667}.Release|Any CPU.Build.0 = Release|Any CPU
		{A02D6BA6-ECE3-46B1-A059-4C80F4210938}.Debug|Any CPU.ActiveCfg = Debug|Any CPU
		{A02D6BA6-ECE3-46B1-A059-4C80F4210938}.Debug|Any CPU.Build.0 = Debug|Any CPU
		{A02D6BA6-ECE3-46B1-A059-4C80F4210938}.Release|Any CPU.ActiveCfg = Release|Any CPU
		{A02D6BA6-ECE3-46B1-A059-4C80F4210938}.Release|Any CPU.Build.0 = Release|Any CPU
		{81B6656A-D7B9-4433-B1DD-4A4414456001}.Debug|Any CPU.ActiveCfg = Debug|Any CPU
		{81B6656A-D7B9-4433-B1DD-4A4414456001}.Debug|Any CPU.Build.0 = Debug|Any CPU
		{81B6656A-D7B9-4433-B1DD-4A4414456001}.Release|Any CPU.ActiveCfg = Release|Any CPU
		{81B6656A-D7B9-4433-B1DD-4A4414456001}.Release|Any CPU.Build.0 = Release|Any CPU
	EndGlobalSection
	GlobalSection(SolutionProperties) = preSolution
		HideSolutionNode = FALSE
	EndGlobalSection
EndGlobal
